
Microsoft Visual Studio Solution File, Format Version 12.00
# Visual Studio Version 17
VisualStudioVersion = 17.4.33213.308
MinimumVisualStudioVersion = 10.0.40219.1
Project("{2150E333-8FDC-42A3-9474-1A3956D46DE8}") = "Solve Me First", "Solve Me First", "{7F0EE4DA-F12C-43D9-A5EC-9CDC3DCEEABB}"
EndProject
Project("{9A19103F-16F7-4668-BE54-9A1E7A4F7556}") = "SolveMeFirst", "src\SolveMeFirst\SolveMeFirst.csproj", "{D1A77CD7-A72B-4AF7-B677-A6A364A3E348}"
EndProject
Project("{2150E333-8FDC-42A3-9474-1A3956D46DE8}") = "Simple Array Sum", "Simple Array Sum", "{788F0959-4F59-472A-948B-73D84BC13400}"
EndProject
Project("{9A19103F-16F7-4668-BE54-9A1E7A4F7556}") = "SimpleArraySum", "src\SimpleArraySum\SimpleArraySum.csproj", "{F689B559-BA13-4DC1-918C-E79E3BA39084}"
EndProject
Project("{2150E333-8FDC-42A3-9474-1A3956D46DE8}") = "Compare the Triplets", "Compare the Triplets", "{C66C04D7-4D14-44CB-AAE2-72C80BBC3FA4}"
EndProject
Project("{9A19103F-16F7-4668-BE54-9A1E7A4F7556}") = "CompareTheTriplets", "src\CompareTheTriplets\CompareTheTriplets.csproj", "{FB36F614-5D3B-4FD6-A56F-CC55A834B254}"
EndProject
Project("{2150E333-8FDC-42A3-9474-1A3956D46DE8}") = "Diagonal Difference", "Diagonal Difference", "{2CDC2DA2-C744-414A-B3C1-76AB97E8367C}"
EndProject
Project("{9A19103F-16F7-4668-BE54-9A1E7A4F7556}") = "DiagonalDifference", "src\DiagonalDifference\DiagonalDifference.csproj", "{214A12CF-9A50-43E3-A2FB-2E8E7E5B8EA8}"
EndProject
Project("{2150E333-8FDC-42A3-9474-1A3956D46DE8}") = "RomanToNumbers", "RomanToNumbers", "{E54E02AC-9B43-47DA-ABA2-607C20BC331E}"
EndProject
Project("{9A19103F-16F7-4668-BE54-9A1E7A4F7556}") = "RomanToNumbers", "src\RomanToNumbers\RomanToNumbers.csproj", "{C1101CEE-0468-4ECD-B064-5B6C3104E778}"
EndProject
Project("{2150E333-8FDC-42A3-9474-1A3956D46DE8}") = "Mars Rover", "Mars Rover", "{1F2D4D58-063B-4232-9538-FF32DBCB713C}"
EndProject
Project("{FAE04EC0-301F-11D3-BF4B-00C04F79EFBC}") = "MarsRoverTests", "src\MarsRoverTests\MarsRoverTests.csproj", "{9FC019EF-DC89-47E8-B82B-02616F7FB156}"
EndProject
Project("{FAE04EC0-301F-11D3-BF4B-00C04F79EFBC}") = "MarsRover", "src\MarsRover\MarsRover.csproj", "{DFEA5F61-FDB3-46AB-B0E0-5FDACF435402}"
EndProject
Global
	GlobalSection(SolutionConfigurationPlatforms) = preSolution
		Debug|Any CPU = Debug|Any CPU
		Release|Any CPU = Release|Any CPU
	EndGlobalSection
	GlobalSection(ProjectConfigurationPlatforms) = postSolution
		{D1A77CD7-A72B-4AF7-B677-A6A364A3E348}.Debug|Any CPU.ActiveCfg = Debug|Any CPU
		{D1A77CD7-A72B-4AF7-B677-A6A364A3E348}.Debug|Any CPU.Build.0 = Debug|Any CPU
		{D1A77CD7-A72B-4AF7-B677-A6A364A3E348}.Release|Any CPU.ActiveCfg = Release|Any CPU
		{D1A77CD7-A72B-4AF7-B677-A6A364A3E348}.Release|Any CPU.Build.0 = Release|Any CPU
		{F689B559-BA13-4DC1-918C-E79E3BA39084}.Debug|Any CPU.ActiveCfg = Debug|Any CPU
		{F689B559-BA13-4DC1-918C-E79E3BA39084}.Debug|Any CPU.Build.0 = Debug|Any CPU
		{F689B559-BA13-4DC1-918C-E79E3BA39084}.Release|Any CPU.ActiveCfg = Release|Any CPU
		{F689B559-BA13-4DC1-918C-E79E3BA39084}.Release|Any CPU.Build.0 = Release|Any CPU
		{FB36F614-5D3B-4FD6-A56F-CC55A834B254}.Debug|Any CPU.ActiveCfg = Debug|Any CPU
		{FB36F614-5D3B-4FD6-A56F-CC55A834B254}.Debug|Any CPU.Build.0 = Debug|Any CPU
		{FB36F614-5D3B-4FD6-A56F-CC55A834B254}.Release|Any CPU.ActiveCfg = Release|Any CPU
		{FB36F614-5D3B-4FD6-A56F-CC55A834B254}.Release|Any CPU.Build.0 = Release|Any CPU
		{214A12CF-9A50-43E3-A2FB-2E8E7E5B8EA8}.Debug|Any CPU.ActiveCfg = Debug|Any CPU
		{214A12CF-9A50-43E3-A2FB-2E8E7E5B8EA8}.Debug|Any CPU.Build.0 = Debug|Any CPU
		{214A12CF-9A50-43E3-A2FB-2E8E7E5B8EA8}.Release|Any CPU.ActiveCfg = Release|Any CPU
		{214A12CF-9A50-43E3-A2FB-2E8E7E5B8EA8}.Release|Any CPU.Build.0 = Release|Any CPU
		{C1101CEE-0468-4ECD-B064-5B6C3104E778}.Debug|Any CPU.ActiveCfg = Debug|Any CPU
		{C1101CEE-0468-4ECD-B064-5B6C3104E778}.Debug|Any CPU.Build.0 = Debug|Any CPU
		{C1101CEE-0468-4ECD-B064-5B6C3104E778}.Release|Any CPU.ActiveCfg = Release|Any CPU
		{C1101CEE-0468-4ECD-B064-5B6C3104E778}.Release|Any CPU.Build.0 = Release|Any CPU
		{9FC019EF-DC89-47E8-B82B-02616F7FB156}.Debug|Any CPU.ActiveCfg = Debug|Any CPU
		{9FC019EF-DC89-47E8-B82B-02616F7FB156}.Debug|Any CPU.Build.0 = Debug|Any CPU
		{9FC019EF-DC89-47E8-B82B-02616F7FB156}.Release|Any CPU.ActiveCfg = Release|Any CPU
		{9FC019EF-DC89-47E8-B82B-02616F7FB156}.Release|Any CPU.Build.0 = Release|Any CPU
		{DFEA5F61-FDB3-46AB-B0E0-5FDACF435402}.Debug|Any CPU.ActiveCfg = Debug|Any CPU
		{DFEA5F61-FDB3-46AB-B0E0-5FDACF435402}.Debug|Any CPU.Build.0 = Debug|Any CPU
		{DFEA5F61-FDB3-46AB-B0E0-5FDACF435402}.Release|Any CPU.ActiveCfg = Release|Any CPU
		{DFEA5F61-FDB3-46AB-B0E0-5FDACF435402}.Release|Any CPU.Build.0 = Release|Any CPU
	EndGlobalSection
	GlobalSection(SolutionProperties) = preSolution
		HideSolutionNode = FALSE
	EndGlobalSection
	GlobalSection(NestedProjects) = preSolution
		{D1A77CD7-A72B-4AF7-B677-A6A364A3E348} = {7F0EE4DA-F12C-43D9-A5EC-9CDC3DCEEABB}
		{F689B559-BA13-4DC1-918C-E79E3BA39084} = {788F0959-4F59-472A-948B-73D84BC13400}
		{FB36F614-5D3B-4FD6-A56F-CC55A834B254} = {C66C04D7-4D14-44CB-AAE2-72C80BBC3FA4}
		{214A12CF-9A50-43E3-A2FB-2E8E7E5B8EA8} = {2CDC2DA2-C744-414A-B3C1-76AB97E8367C}
		{C1101CEE-0468-4ECD-B064-5B6C3104E778} = {E54E02AC-9B43-47DA-ABA2-607C20BC331E}
		{9FC019EF-DC89-47E8-B82B-02616F7FB156} = {1F2D4D58-063B-4232-9538-FF32DBCB713C}
		{DFEA5F61-FDB3-46AB-B0E0-5FDACF435402} = {1F2D4D58-063B-4232-9538-FF32DBCB713C}
	EndGlobalSection
	GlobalSection(ExtensibilityGlobals) = postSolution
		SolutionGuid = {6561AC30-6C5B-481C-B97A-F1371E4A2E58}
	EndGlobalSection
EndGlobal
